// !$*UTF8*$!
{
	archiveVersion = 1;
	classes = {
	};
	objectVersion = 55;
	objects = {

/* Begin PBXBuildFile section */
		F10185FD28ACC9C900EC0BE3 /* ColorUtils.swift in Sources */ = {isa = PBXBuildFile; fileRef = F10185FC28ACC9C900EC0BE3 /* ColorUtils.swift */; };
		F10185FF28ACCA9300EC0BE3 /* StageView.swift in Sources */ = {isa = PBXBuildFile; fileRef = F10185FE28ACCA9300EC0BE3 /* StageView.swift */; };
		F101860028ACCA9300EC0BE3 /* StageView.swift in Sources */ = {isa = PBXBuildFile; fileRef = F10185FE28ACCA9300EC0BE3 /* StageView.swift */; };
		F101860228ACDEB900EC0BE3 /* ViewUtils.swift in Sources */ = {isa = PBXBuildFile; fileRef = F101860128ACDEB900EC0BE3 /* ViewUtils.swift */; };
		F101860328ACDEB900EC0BE3 /* ViewUtils.swift in Sources */ = {isa = PBXBuildFile; fileRef = F101860128ACDEB900EC0BE3 /* ViewUtils.swift */; };
		F110773D28B8BE180041CABD /* HowToPlayView.swift in Sources */ = {isa = PBXBuildFile; fileRef = F110773C28B8BE180041CABD /* HowToPlayView.swift */; };
		F110773E28B8BE180041CABD /* HowToPlayView.swift in Sources */ = {isa = PBXBuildFile; fileRef = F110773C28B8BE180041CABD /* HowToPlayView.swift */; };
		F120020C28AE658C006740B9 /* GameHistory.swift in Sources */ = {isa = PBXBuildFile; fileRef = F120020B28AE658C006740B9 /* GameHistory.swift */; };
		F120020D28AE658C006740B9 /* GameHistory.swift in Sources */ = {isa = PBXBuildFile; fileRef = F120020B28AE658C006740B9 /* GameHistory.swift */; };
		F134EC0A28AB4AF500D73EEC /* SoundPlayer.swift in Sources */ = {isa = PBXBuildFile; fileRef = F134EC0828AB4AF500D73EEC /* SoundPlayer.swift */; };
		F134EC0C28AB4EA300D73EEC /* Launch Screen.storyboard in Resources */ = {isa = PBXBuildFile; fileRef = F134EC0B28AB4EA300D73EEC /* Launch Screen.storyboard */; };
		F134EC0F28AB565600D73EEC /* TextUtils.swift in Sources */ = {isa = PBXBuildFile; fileRef = F134EC0E28AB565600D73EEC /* TextUtils.swift */; };
		F134EC1028AB565600D73EEC /* TextUtils.swift in Sources */ = {isa = PBXBuildFile; fileRef = F134EC0E28AB565600D73EEC /* TextUtils.swift */; };
		F13D2F3828A9ED30004D7FB7 /* Board.swift in Sources */ = {isa = PBXBuildFile; fileRef = F13D2F3728A9ED30004D7FB7 /* Board.swift */; };
		F13D2F3928A9ED30004D7FB7 /* Board.swift in Sources */ = {isa = PBXBuildFile; fileRef = F13D2F3728A9ED30004D7FB7 /* Board.swift */; };
		F13D2F3B28A9F77E004D7FB7 /* Stage.swift in Sources */ = {isa = PBXBuildFile; fileRef = F13D2F3A28A9F77E004D7FB7 /* Stage.swift */; };
		F13D2F3C28A9F77E004D7FB7 /* Stage.swift in Sources */ = {isa = PBXBuildFile; fileRef = F13D2F3A28A9F77E004D7FB7 /* Stage.swift */; };
		F13D2F3E28A9FAD1004D7FB7 /* Pawn.swift in Sources */ = {isa = PBXBuildFile; fileRef = F13D2F3D28A9FAD1004D7FB7 /* Pawn.swift */; };
		F13D2F3F28A9FAD1004D7FB7 /* Pawn.swift in Sources */ = {isa = PBXBuildFile; fileRef = F13D2F3D28A9FAD1004D7FB7 /* Pawn.swift */; };
		F1601E3E28A7A30700984BD0 /* BoardView.swift in Sources */ = {isa = PBXBuildFile; fileRef = F1601E3D28A7A30700984BD0 /* BoardView.swift */; };
		F1601E4028A7A79B00984BD0 /* ScreenDataIOS.swift in Sources */ = {isa = PBXBuildFile; fileRef = F1601E3F28A7A79B00984BD0 /* ScreenDataIOS.swift */; };
		F1601E4228A7AABC00984BD0 /* SquareView.swift in Sources */ = {isa = PBXBuildFile; fileRef = F1601E4128A7AABC00984BD0 /* SquareView.swift */; };
		F1601E4328A7B29A00984BD0 /* SquareView.swift in Sources */ = {isa = PBXBuildFile; fileRef = F1601E4128A7AABC00984BD0 /* SquareView.swift */; };
		F1601E4528A7B29A00984BD0 /* BoardView.swift in Sources */ = {isa = PBXBuildFile; fileRef = F1601E3D28A7A30700984BD0 /* BoardView.swift */; };
		F1601E4928A7B32600984BD0 /* ScreenDataMac.swift in Sources */ = {isa = PBXBuildFile; fileRef = F1601E4728A7B32400984BD0 /* ScreenDataMac.swift */; };
		F1601E4C28A7B57800984BD0 /* PieceView.swift in Sources */ = {isa = PBXBuildFile; fileRef = F1601E4B28A7B57800984BD0 /* PieceView.swift */; };
		F1601E4E28A7B58C00984BD0 /* Piece.swift in Sources */ = {isa = PBXBuildFile; fileRef = F1601E4D28A7B58C00984BD0 /* Piece.swift */; };
		F165EBF128E2CF1700EA6411 /* DispatchUtils.swift in Sources */ = {isa = PBXBuildFile; fileRef = F165EBF028E2CF1700EA6411 /* DispatchUtils.swift */; };
		F165EBF228E2CF1700EA6411 /* DispatchUtils.swift in Sources */ = {isa = PBXBuildFile; fileRef = F165EBF028E2CF1700EA6411 /* DispatchUtils.swift */; };
		F171715428A79D50000C6E22 /* Tests_iOS.swift in Sources */ = {isa = PBXBuildFile; fileRef = F171715328A79D50000C6E22 /* Tests_iOS.swift */; };
		F171715628A79D50000C6E22 /* Tests_iOSLaunchTests.swift in Sources */ = {isa = PBXBuildFile; fileRef = F171715528A79D50000C6E22 /* Tests_iOSLaunchTests.swift */; };
		F171716028A79D50000C6E22 /* Tests_macOS.swift in Sources */ = {isa = PBXBuildFile; fileRef = F171715F28A79D50000C6E22 /* Tests_macOS.swift */; };
		F171716228A79D50000C6E22 /* Tests_macOSLaunchTests.swift in Sources */ = {isa = PBXBuildFile; fileRef = F171716128A79D50000C6E22 /* Tests_macOSLaunchTests.swift */; };
		F171716328A79D50000C6E22 /* COSC2659_Assignment2App.swift in Sources */ = {isa = PBXBuildFile; fileRef = F171713B28A79D4E000C6E22 /* COSC2659_Assignment2App.swift */; };
		F171716728A79D50000C6E22 /* Assets.xcassets in Resources */ = {isa = PBXBuildFile; fileRef = F171713D28A79D4F000C6E22 /* Assets.xcassets */; };
		F171716828A79D50000C6E22 /* Assets.xcassets in Resources */ = {isa = PBXBuildFile; fileRef = F171713D28A79D4F000C6E22 /* Assets.xcassets */; };
		F1776E2D28B084A000301A5D /* TaskUtils.swift in Sources */ = {isa = PBXBuildFile; fileRef = F1776E2C28B084A000301A5D /* TaskUtils.swift */; };
		F1776E2E28B084A000301A5D /* TaskUtils.swift in Sources */ = {isa = PBXBuildFile; fileRef = F1776E2C28B084A000301A5D /* TaskUtils.swift */; };
		F1776E2F28B0A62400301A5D /* SoundPlayer.swift in Sources */ = {isa = PBXBuildFile; fileRef = F134EC0828AB4AF500D73EEC /* SoundPlayer.swift */; };
		F183214628AA21E400DF7D1F /* Rook.swift in Sources */ = {isa = PBXBuildFile; fileRef = F183214528AA21E400DF7D1F /* Rook.swift */; };
		F183214728AA21E400DF7D1F /* Rook.swift in Sources */ = {isa = PBXBuildFile; fileRef = F183214528AA21E400DF7D1F /* Rook.swift */; };
		F183214928AA21EA00DF7D1F /* Queen.swift in Sources */ = {isa = PBXBuildFile; fileRef = F183214828AA21EA00DF7D1F /* Queen.swift */; };
		F183214A28AA21EA00DF7D1F /* Queen.swift in Sources */ = {isa = PBXBuildFile; fileRef = F183214828AA21EA00DF7D1F /* Queen.swift */; };
		F183214C28AA21F100DF7D1F /* Bishop.swift in Sources */ = {isa = PBXBuildFile; fileRef = F183214B28AA21F100DF7D1F /* Bishop.swift */; };
		F183214D28AA21F100DF7D1F /* Bishop.swift in Sources */ = {isa = PBXBuildFile; fileRef = F183214B28AA21F100DF7D1F /* Bishop.swift */; };
		F183214F28AA220100DF7D1F /* Knight.swift in Sources */ = {isa = PBXBuildFile; fileRef = F183214E28AA220100DF7D1F /* Knight.swift */; };
		F183215028AA220100DF7D1F /* Knight.swift in Sources */ = {isa = PBXBuildFile; fileRef = F183214E28AA220100DF7D1F /* Knight.swift */; };
		F183215228AA221400DF7D1F /* King.swift in Sources */ = {isa = PBXBuildFile; fileRef = F183215128AA221400DF7D1F /* King.swift */; };
		F183215328AA221400DF7D1F /* King.swift in Sources */ = {isa = PBXBuildFile; fileRef = F183215128AA221400DF7D1F /* King.swift */; };
		F183215628AA2D2500DF7D1F /* DeepCopy.swift in Sources */ = {isa = PBXBuildFile; fileRef = F183215528AA2D2500DF7D1F /* DeepCopy.swift */; };
		F183215728AA2D2500DF7D1F /* DeepCopy.swift in Sources */ = {isa = PBXBuildFile; fileRef = F183215528AA2D2500DF7D1F /* DeepCopy.swift */; };
		F18663B228A7B88A00438FD6 /* StringUtils.swift in Sources */ = {isa = PBXBuildFile; fileRef = F18663B128A7B88A00438FD6 /* StringUtils.swift */; };
		F18663B328A7B88A00438FD6 /* StringUtils.swift in Sources */ = {isa = PBXBuildFile; fileRef = F18663B128A7B88A00438FD6 /* StringUtils.swift */; };
		F18663B428A7B88E00438FD6 /* PieceView.swift in Sources */ = {isa = PBXBuildFile; fileRef = F1601E4B28A7B57800984BD0 /* PieceView.swift */; };
		F18663B528A7B89000438FD6 /* Piece.swift in Sources */ = {isa = PBXBuildFile; fileRef = F1601E4D28A7B58C00984BD0 /* Piece.swift */; };
		F18D282E28AB5F2A00DD3891 /* ScreenUtils.swift in Sources */ = {isa = PBXBuildFile; fileRef = F18D282D28AB5F2A00DD3891 /* ScreenUtils.swift */; };
		F18D282F28AB5F2A00DD3891 /* ScreenUtils.swift in Sources */ = {isa = PBXBuildFile; fileRef = F18D282D28AB5F2A00DD3891 /* ScreenUtils.swift */; };
		F18D283128AB760900DD3891 /* StatefulWarpper.swift in Sources */ = {isa = PBXBuildFile; fileRef = F18D283028AB760900DD3891 /* StatefulWarpper.swift */; };
		F18D283228AB760900DD3891 /* StatefulWarpper.swift in Sources */ = {isa = PBXBuildFile; fileRef = F18D283028AB760900DD3891 /* StatefulWarpper.swift */; };
		F18D283D28AB915900DD3891 /* StackNavigationView.swift in Sources */ = {isa = PBXBuildFile; fileRef = F18D283C28AB915900DD3891 /* StackNavigationView.swift */; };
		F18D283E28AB915900DD3891 /* StackNavigationView.swift in Sources */ = {isa = PBXBuildFile; fileRef = F18D283C28AB915900DD3891 /* StackNavigationView.swift */; };
		F19A7CF328ACF70300418873 /* ButtonUtils.swift in Sources */ = {isa = PBXBuildFile; fileRef = F19A7CEE28ACF70300418873 /* ButtonUtils.swift */; };
		F19A7CF428ACF70300418873 /* ButtonUtils.swift in Sources */ = {isa = PBXBuildFile; fileRef = F19A7CEE28ACF70300418873 /* ButtonUtils.swift */; };
		F19A7CF528ACF70300418873 /* ContentView.swift in Sources */ = {isa = PBXBuildFile; fileRef = F19A7CEF28ACF70300418873 /* ContentView.swift */; };
		F19A7CF628ACF70300418873 /* ContentView.swift in Sources */ = {isa = PBXBuildFile; fileRef = F19A7CEF28ACF70300418873 /* ContentView.swift */; };
		F19A7CF728ACF70300418873 /* PlayView.swift in Sources */ = {isa = PBXBuildFile; fileRef = F19A7CF028ACF70300418873 /* PlayView.swift */; };
		F19A7CF828ACF70300418873 /* PlayView.swift in Sources */ = {isa = PBXBuildFile; fileRef = F19A7CF028ACF70300418873 /* PlayView.swift */; };
		F19A7CF928ACF70300418873 /* SettingsView.swift in Sources */ = {isa = PBXBuildFile; fileRef = F19A7CF128ACF70300418873 /* SettingsView.swift */; };
		F19A7CFA28ACF70300418873 /* SettingsView.swift in Sources */ = {isa = PBXBuildFile; fileRef = F19A7CF128ACF70300418873 /* SettingsView.swift */; };
		F19A7CFB28ACF70300418873 /* HistoryView.swift in Sources */ = {isa = PBXBuildFile; fileRef = F19A7CF228ACF70300418873 /* HistoryView.swift */; };
		F19A7CFC28ACF70300418873 /* HistoryView.swift in Sources */ = {isa = PBXBuildFile; fileRef = F19A7CF228ACF70300418873 /* HistoryView.swift */; };
		F19A7D0B28ACF77200418873 /* ModalData.swift in Sources */ = {isa = PBXBuildFile; fileRef = F19A7D0828ACF77200418873 /* ModalData.swift */; };
		F19A7D0C28ACF77200418873 /* ModalData.swift in Sources */ = {isa = PBXBuildFile; fileRef = F19A7D0828ACF77200418873 /* ModalData.swift */; };
		F19A7D0F28ACF77200418873 /* GameSetting.swift in Sources */ = {isa = PBXBuildFile; fileRef = F19A7D0A28ACF77200418873 /* GameSetting.swift */; };
		F19A7D1028ACF77200418873 /* GameSetting.swift in Sources */ = {isa = PBXBuildFile; fileRef = F19A7D0A28ACF77200418873 /* GameSetting.swift */; };
		F1C7FA5928AE091E00EAACFB /* ColorUtils.swift in Sources */ = {isa = PBXBuildFile; fileRef = F10185FC28ACC9C900EC0BE3 /* ColorUtils.swift */; };
		F1C7FA5C28AE0BAF00EAACFB /* COSC2659_Assignment2App_Mac.swift in Sources */ = {isa = PBXBuildFile; fileRef = F1C7FA5A28AE0B9F00EAACFB /* COSC2659_Assignment2App_Mac.swift */; };
		F1EF4AF828B73D9E00059BD1 /* BindingUtils.swift in Sources */ = {isa = PBXBuildFile; fileRef = F1EF4AF728B73D9E00059BD1 /* BindingUtils.swift */; };
		F1EF4AF928B73D9E00059BD1 /* BindingUtils.swift in Sources */ = {isa = PBXBuildFile; fileRef = F1EF4AF728B73D9E00059BD1 /* BindingUtils.swift */; };
		F1EF4AFB28B755E500059BD1 /* AILogic.swift in Sources */ = {isa = PBXBuildFile; fileRef = F1EF4AFA28B755E500059BD1 /* AILogic.swift */; };
		F1EF4AFC28B755E500059BD1 /* AILogic.swift in Sources */ = {isa = PBXBuildFile; fileRef = F1EF4AFA28B755E500059BD1 /* AILogic.swift */; };
/* End PBXBuildFile section */

/* Begin PBXContainerItemProxy section */
		F171715028A79D50000C6E22 /* PBXContainerItemProxy */ = {
			isa = PBXContainerItemProxy;
			containerPortal = F171713628A79D4E000C6E22 /* Project object */;
			proxyType = 1;
			remoteGlobalIDString = F171714128A79D50000C6E22;
			remoteInfo = "COSC2659_Assignment2 (iOS)";
		};
		F171715C28A79D50000C6E22 /* PBXContainerItemProxy */ = {
			isa = PBXContainerItemProxy;
			containerPortal = F171713628A79D4E000C6E22 /* Project object */;
			proxyType = 1;
			remoteGlobalIDString = F171714728A79D50000C6E22;
			remoteInfo = "COSC2659_Assignment2 (macOS)";
		};
/* End PBXContainerItemProxy section */

/* Begin PBXFileReference section */
		F10185FC28ACC9C900EC0BE3 /* ColorUtils.swift */ = {isa = PBXFileReference; lastKnownFileType = sourcecode.swift; path = ColorUtils.swift; sourceTree = "<group>"; };
		F10185FE28ACCA9300EC0BE3 /* StageView.swift */ = {isa = PBXFileReference; fileEncoding = 4; lastKnownFileType = sourcecode.swift; path = StageView.swift; sourceTree = "<group>"; };
		F101860128ACDEB900EC0BE3 /* ViewUtils.swift */ = {isa = PBXFileReference; lastKnownFileType = sourcecode.swift; path = ViewUtils.swift; sourceTree = "<group>"; };
		F1062E7428BC732700E2E0AD /* Assignment 2.docx */ = {isa = PBXFileReference; lastKnownFileType = file; path = "Assignment 2.docx"; sourceTree = "<group>"; };
		F110773C28B8BE180041CABD /* HowToPlayView.swift */ = {isa = PBXFileReference; lastKnownFileType = sourcecode.swift; path = HowToPlayView.swift; sourceTree = "<group>"; };
		F120020B28AE658C006740B9 /* GameHistory.swift */ = {isa = PBXFileReference; lastKnownFileType = sourcecode.swift; path = GameHistory.swift; sourceTree = "<group>"; };
		F134EC0828AB4AF500D73EEC /* SoundPlayer.swift */ = {isa = PBXFileReference; fileEncoding = 4; lastKnownFileType = sourcecode.swift; path = SoundPlayer.swift; sourceTree = "<group>"; };
		F134EC0B28AB4EA300D73EEC /* Launch Screen.storyboard */ = {isa = PBXFileReference; lastKnownFileType = file.storyboard; path = "Launch Screen.storyboard"; sourceTree = "<group>"; };
		F134EC0E28AB565600D73EEC /* TextUtils.swift */ = {isa = PBXFileReference; lastKnownFileType = sourcecode.swift; path = TextUtils.swift; sourceTree = "<group>"; };
		F13D2F3728A9ED30004D7FB7 /* Board.swift */ = {isa = PBXFileReference; lastKnownFileType = sourcecode.swift; path = Board.swift; sourceTree = "<group>"; };
		F13D2F3A28A9F77E004D7FB7 /* Stage.swift */ = {isa = PBXFileReference; lastKnownFileType = sourcecode.swift; path = Stage.swift; sourceTree = "<group>"; };
		F13D2F3D28A9FAD1004D7FB7 /* Pawn.swift */ = {isa = PBXFileReference; lastKnownFileType = sourcecode.swift; path = Pawn.swift; sourceTree = "<group>"; };
		F1601E3D28A7A30700984BD0 /* BoardView.swift */ = {isa = PBXFileReference; lastKnownFileType = sourcecode.swift; path = BoardView.swift; sourceTree = "<group>"; };
		F1601E3F28A7A79B00984BD0 /* ScreenDataIOS.swift */ = {isa = PBXFileReference; lastKnownFileType = sourcecode.swift; path = ScreenDataIOS.swift; sourceTree = "<group>"; };
		F1601E4128A7AABC00984BD0 /* SquareView.swift */ = {isa = PBXFileReference; lastKnownFileType = sourcecode.swift; path = SquareView.swift; sourceTree = "<group>"; };
		F1601E4728A7B32400984BD0 /* ScreenDataMac.swift */ = {isa = PBXFileReference; lastKnownFileType = sourcecode.swift; path = ScreenDataMac.swift; sourceTree = "<group>"; };
		F1601E4B28A7B57800984BD0 /* PieceView.swift */ = {isa = PBXFileReference; lastKnownFileType = sourcecode.swift; path = PieceView.swift; sourceTree = "<group>"; };
		F1601E4D28A7B58C00984BD0 /* Piece.swift */ = {isa = PBXFileReference; lastKnownFileType = sourcecode.swift; path = Piece.swift; sourceTree = "<group>"; };
		F165EBF028E2CF1700EA6411 /* DispatchUtils.swift */ = {isa = PBXFileReference; lastKnownFileType = sourcecode.swift; path = DispatchUtils.swift; sourceTree = "<group>"; };
		F171713B28A79D4E000C6E22 /* COSC2659_Assignment2App.swift */ = {isa = PBXFileReference; lastKnownFileType = sourcecode.swift; path = COSC2659_Assignment2App.swift; sourceTree = "<group>"; };
		F171713D28A79D4F000C6E22 /* Assets.xcassets */ = {isa = PBXFileReference; lastKnownFileType = folder.assetcatalog; path = Assets.xcassets; sourceTree = "<group>"; };
		F171714228A79D50000C6E22 /* GoodChess.app */ = {isa = PBXFileReference; explicitFileType = wrapper.application; includeInIndex = 0; path = GoodChess.app; sourceTree = BUILT_PRODUCTS_DIR; };
		F171714828A79D50000C6E22 /* COSC2659_Assignment2.app */ = {isa = PBXFileReference; explicitFileType = wrapper.application; includeInIndex = 0; path = COSC2659_Assignment2.app; sourceTree = BUILT_PRODUCTS_DIR; };
		F171714A28A79D50000C6E22 /* macOS.entitlements */ = {isa = PBXFileReference; lastKnownFileType = text.plist.entitlements; path = macOS.entitlements; sourceTree = "<group>"; };
		F171714F28A79D50000C6E22 /* Tests iOS.xctest */ = {isa = PBXFileReference; explicitFileType = wrapper.cfbundle; includeInIndex = 0; path = "Tests iOS.xctest"; sourceTree = BUILT_PRODUCTS_DIR; };
		F171715328A79D50000C6E22 /* Tests_iOS.swift */ = {isa = PBXFileReference; lastKnownFileType = sourcecode.swift; path = Tests_iOS.swift; sourceTree = "<group>"; };
		F171715528A79D50000C6E22 /* Tests_iOSLaunchTests.swift */ = {isa = PBXFileReference; lastKnownFileType = sourcecode.swift; path = Tests_iOSLaunchTests.swift; sourceTree = "<group>"; };
		F171715B28A79D50000C6E22 /* Tests macOS.xctest */ = {isa = PBXFileReference; explicitFileType = wrapper.cfbundle; includeInIndex = 0; path = "Tests macOS.xctest"; sourceTree = BUILT_PRODUCTS_DIR; };
		F171715F28A79D50000C6E22 /* Tests_macOS.swift */ = {isa = PBXFileReference; lastKnownFileType = sourcecode.swift; path = Tests_macOS.swift; sourceTree = "<group>"; };
		F171716128A79D50000C6E22 /* Tests_macOSLaunchTests.swift */ = {isa = PBXFileReference; lastKnownFileType = sourcecode.swift; path = Tests_macOSLaunchTests.swift; sourceTree = "<group>"; };
		F1776E2C28B084A000301A5D /* TaskUtils.swift */ = {isa = PBXFileReference; lastKnownFileType = sourcecode.swift; path = TaskUtils.swift; sourceTree = "<group>"; };
		F183214528AA21E400DF7D1F /* Rook.swift */ = {isa = PBXFileReference; fileEncoding = 4; lastKnownFileType = sourcecode.swift; path = Rook.swift; sourceTree = "<group>"; };
		F183214828AA21EA00DF7D1F /* Queen.swift */ = {isa = PBXFileReference; fileEncoding = 4; lastKnownFileType = sourcecode.swift; path = Queen.swift; sourceTree = "<group>"; };
		F183214B28AA21F100DF7D1F /* Bishop.swift */ = {isa = PBXFileReference; fileEncoding = 4; lastKnownFileType = sourcecode.swift; path = Bishop.swift; sourceTree = "<group>"; };
		F183214E28AA220100DF7D1F /* Knight.swift */ = {isa = PBXFileReference; fileEncoding = 4; lastKnownFileType = sourcecode.swift; path = Knight.swift; sourceTree = "<group>"; };
		F183215128AA221400DF7D1F /* King.swift */ = {isa = PBXFileReference; fileEncoding = 4; lastKnownFileType = sourcecode.swift; path = King.swift; sourceTree = "<group>"; };
		F183215528AA2D2500DF7D1F /* DeepCopy.swift */ = {isa = PBXFileReference; lastKnownFileType = sourcecode.swift; path = DeepCopy.swift; sourceTree = "<group>"; };
		F18663B128A7B88A00438FD6 /* StringUtils.swift */ = {isa = PBXFileReference; lastKnownFileType = sourcecode.swift; path = StringUtils.swift; sourceTree = "<group>"; };
		F18D282D28AB5F2A00DD3891 /* ScreenUtils.swift */ = {isa = PBXFileReference; lastKnownFileType = sourcecode.swift; path = ScreenUtils.swift; sourceTree = "<group>"; };
		F18D283028AB760900DD3891 /* StatefulWarpper.swift */ = {isa = PBXFileReference; lastKnownFileType = sourcecode.swift; path = StatefulWarpper.swift; sourceTree = "<group>"; };
		F18D283C28AB915900DD3891 /* StackNavigationView.swift */ = {isa = PBXFileReference; lastKnownFileType = sourcecode.swift; path = StackNavigationView.swift; sourceTree = "<group>"; };
		F19A7CEE28ACF70300418873 /* ButtonUtils.swift */ = {isa = PBXFileReference; fileEncoding = 4; lastKnownFileType = sourcecode.swift; path = ButtonUtils.swift; sourceTree = "<group>"; };
		F19A7CEF28ACF70300418873 /* ContentView.swift */ = {isa = PBXFileReference; fileEncoding = 4; lastKnownFileType = sourcecode.swift; path = ContentView.swift; sourceTree = "<group>"; };
		F19A7CF028ACF70300418873 /* PlayView.swift */ = {isa = PBXFileReference; fileEncoding = 4; lastKnownFileType = sourcecode.swift; path = PlayView.swift; sourceTree = "<group>"; };
		F19A7CF128ACF70300418873 /* SettingsView.swift */ = {isa = PBXFileReference; fileEncoding = 4; lastKnownFileType = sourcecode.swift; path = SettingsView.swift; sourceTree = "<group>"; };
		F19A7CF228ACF70300418873 /* HistoryView.swift */ = {isa = PBXFileReference; fileEncoding = 4; lastKnownFileType = sourcecode.swift; path = HistoryView.swift; sourceTree = "<group>"; };
		F19A7D0828ACF77200418873 /* ModalData.swift */ = {isa = PBXFileReference; fileEncoding = 4; lastKnownFileType = sourcecode.swift; path = ModalData.swift; sourceTree = "<group>"; };
		F19A7D0A28ACF77200418873 /* GameSetting.swift */ = {isa = PBXFileReference; fileEncoding = 4; lastKnownFileType = sourcecode.swift; path = GameSetting.swift; sourceTree = "<group>"; };
		F1C7FA5A28AE0B9F00EAACFB /* COSC2659_Assignment2App_Mac.swift */ = {isa = PBXFileReference; lastKnownFileType = sourcecode.swift; path = COSC2659_Assignment2App_Mac.swift; sourceTree = "<group>"; };
		F1EF4AF728B73D9E00059BD1 /* BindingUtils.swift */ = {isa = PBXFileReference; lastKnownFileType = sourcecode.swift; path = BindingUtils.swift; sourceTree = "<group>"; };
		F1EF4AFA28B755E500059BD1 /* AILogic.swift */ = {isa = PBXFileReference; lastKnownFileType = sourcecode.swift; path = AILogic.swift; sourceTree = "<group>"; };
/* End PBXFileReference section */

/* Begin PBXFrameworksBuildPhase section */
		F171713F28A79D50000C6E22 /* Frameworks */ = {
			isa = PBXFrameworksBuildPhase;
			buildActionMask = 2147483647;
			files = (
			);
			runOnlyForDeploymentPostprocessing = 0;
		};
		F171714528A79D50000C6E22 /* Frameworks */ = {
			isa = PBXFrameworksBuildPhase;
			buildActionMask = 2147483647;
			files = (
			);
			runOnlyForDeploymentPostprocessing = 0;
		};
		F171714C28A79D50000C6E22 /* Frameworks */ = {
			isa = PBXFrameworksBuildPhase;
			buildActionMask = 2147483647;
			files = (
			);
			runOnlyForDeploymentPostprocessing = 0;
		};
		F171715828A79D50000C6E22 /* Frameworks */ = {
			isa = PBXFrameworksBuildPhase;
			buildActionMask = 2147483647;
			files = (
			);
			runOnlyForDeploymentPostprocessing = 0;
		};
/* End PBXFrameworksBuildPhase section */

/* Begin PBXGroup section */
		F1601E3A28A7A22200984BD0 /* Stage */ = {
			isa = PBXGroup;
			children = (
				F10185FE28ACCA9300EC0BE3 /* StageView.swift */,
				F13D2F3A28A9F77E004D7FB7 /* Stage.swift */,
				F1EF4AFA28B755E500059BD1 /* AILogic.swift */,
				F1601E3D28A7A30700984BD0 /* BoardView.swift */,
				F13D2F3728A9ED30004D7FB7 /* Board.swift */,
				F1601E4128A7AABC00984BD0 /* SquareView.swift */,
			);
			name = Stage;
			sourceTree = "<group>";
		};
		F1601E4A28A7B54A00984BD0 /* Pieces */ = {
			isa = PBXGroup;
			children = (
				F1601E4D28A7B58C00984BD0 /* Piece.swift */,
				F1601E4B28A7B57800984BD0 /* PieceView.swift */,
				F13D2F3D28A9FAD1004D7FB7 /* Pawn.swift */,
				F183214528AA21E400DF7D1F /* Rook.swift */,
				F183214828AA21EA00DF7D1F /* Queen.swift */,
				F183214B28AA21F100DF7D1F /* Bishop.swift */,
				F183214E28AA220100DF7D1F /* Knight.swift */,
				F183215128AA221400DF7D1F /* King.swift */,
			);
			name = Pieces;
			sourceTree = "<group>";
		};
		F171713528A79D4E000C6E22 = {
			isa = PBXGroup;
			children = (
				F134EC0B28AB4EA300D73EEC /* Launch Screen.storyboard */,
				F1062E7428BC732700E2E0AD /* Assignment 2.docx */,
				F171713A28A79D4E000C6E22 /* Shared */,
				F183215428AA2D1900DF7D1F /* Helper */,
				F171713D28A79D4F000C6E22 /* Assets.xcassets */,
				F171714928A79D50000C6E22 /* macOS */,
				F171715228A79D50000C6E22 /* Tests iOS */,
				F171715E28A79D50000C6E22 /* Tests macOS */,
				F171714328A79D50000C6E22 /* Products */,
			);
			sourceTree = "<group>";
		};
		F171713A28A79D4E000C6E22 /* Shared */ = {
			isa = PBXGroup;
			children = (
				F171713B28A79D4E000C6E22 /* COSC2659_Assignment2App.swift */,
				F1C7FA5A28AE0B9F00EAACFB /* COSC2659_Assignment2App_Mac.swift */,
				F19A7CED28ACF6BC00418873 /* Menu */,
				F1601E3A28A7A22200984BD0 /* Stage */,
				F1601E4A28A7B54A00984BD0 /* Pieces */,
				F19A7D0728ACF75300418873 /* GameData */,
			);
			path = Shared;
			sourceTree = "<group>";
		};
		F171714328A79D50000C6E22 /* Products */ = {
			isa = PBXGroup;
			children = (
				F171714228A79D50000C6E22 /* GoodChess.app */,
				F171714828A79D50000C6E22 /* COSC2659_Assignment2.app */,
				F171714F28A79D50000C6E22 /* Tests iOS.xctest */,
				F171715B28A79D50000C6E22 /* Tests macOS.xctest */,
			);
			name = Products;
			sourceTree = "<group>";
		};
		F171714928A79D50000C6E22 /* macOS */ = {
			isa = PBXGroup;
			children = (
				F171714A28A79D50000C6E22 /* macOS.entitlements */,
			);
			path = macOS;
			sourceTree = "<group>";
		};
		F171715228A79D50000C6E22 /* Tests iOS */ = {
			isa = PBXGroup;
			children = (
				F171715328A79D50000C6E22 /* Tests_iOS.swift */,
				F171715528A79D50000C6E22 /* Tests_iOSLaunchTests.swift */,
			);
			path = "Tests iOS";
			sourceTree = "<group>";
		};
		F171715E28A79D50000C6E22 /* Tests macOS */ = {
			isa = PBXGroup;
			children = (
				F171715F28A79D50000C6E22 /* Tests_macOS.swift */,
				F171716128A79D50000C6E22 /* Tests_macOSLaunchTests.swift */,
			);
			path = "Tests macOS";
			sourceTree = "<group>";
		};
		F183215428AA2D1900DF7D1F /* Helper */ = {
			isa = PBXGroup;
			children = (
				F134EC0828AB4AF500D73EEC /* SoundPlayer.swift */,
				F1601E3F28A7A79B00984BD0 /* ScreenDataIOS.swift */,
				F1601E4728A7B32400984BD0 /* ScreenDataMac.swift */,
				F18D282D28AB5F2A00DD3891 /* ScreenUtils.swift */,
				F18663B128A7B88A00438FD6 /* StringUtils.swift */,
				F19A7CEE28ACF70300418873 /* ButtonUtils.swift */,
				F1EF4AF728B73D9E00059BD1 /* BindingUtils.swift */,
				F101860128ACDEB900EC0BE3 /* ViewUtils.swift */,
				F165EBF028E2CF1700EA6411 /* DispatchUtils.swift */,
				F134EC0E28AB565600D73EEC /* TextUtils.swift */,
				F183215528AA2D2500DF7D1F /* DeepCopy.swift */,
				F18D283028AB760900DD3891 /* StatefulWarpper.swift */,
				F18D283C28AB915900DD3891 /* StackNavigationView.swift */,
				F10185FC28ACC9C900EC0BE3 /* ColorUtils.swift */,
				F1776E2C28B084A000301A5D /* TaskUtils.swift */,
			);
			name = Helper;
			path = Shared;
			sourceTree = "<group>";
		};
		F19A7CED28ACF6BC00418873 /* Menu */ = {
			isa = PBXGroup;
			children = (
				F19A7CEF28ACF70300418873 /* ContentView.swift */,
				F19A7CF028ACF70300418873 /* PlayView.swift */,
				F19A7CF128ACF70300418873 /* SettingsView.swift */,
				F19A7CF228ACF70300418873 /* HistoryView.swift */,
				F110773C28B8BE180041CABD /* HowToPlayView.swift */,
			);
			name = Menu;
			sourceTree = "<group>";
		};
		F19A7D0728ACF75300418873 /* GameData */ = {
			isa = PBXGroup;
			children = (
				F19A7D0A28ACF77200418873 /* GameSetting.swift */,
				F120020B28AE658C006740B9 /* GameHistory.swift */,
				F19A7D0828ACF77200418873 /* ModalData.swift */,
			);
			name = GameData;
			sourceTree = "<group>";
		};
/* End PBXGroup section */

/* Begin PBXNativeTarget section */
		F171714128A79D50000C6E22 /* COSC2659_Assignment2 (iOS) */ = {
			isa = PBXNativeTarget;
			buildConfigurationList = F171716B28A79D50000C6E22 /* Build configuration list for PBXNativeTarget "COSC2659_Assignment2 (iOS)" */;
			buildPhases = (
				F171713E28A79D50000C6E22 /* Sources */,
				F171713F28A79D50000C6E22 /* Frameworks */,
				F171714028A79D50000C6E22 /* Resources */,
			);
			buildRules = (
			);
			dependencies = (
			);
			name = "COSC2659_Assignment2 (iOS)";
			productName = "COSC2659_Assignment2 (iOS)";
			productReference = F171714228A79D50000C6E22 /* GoodChess.app */;
			productType = "com.apple.product-type.application";
		};
		F171714728A79D50000C6E22 /* COSC2659_Assignment2 (macOS) */ = {
			isa = PBXNativeTarget;
			buildConfigurationList = F171716E28A79D50000C6E22 /* Build configuration list for PBXNativeTarget "COSC2659_Assignment2 (macOS)" */;
			buildPhases = (
				F171714428A79D50000C6E22 /* Sources */,
				F171714528A79D50000C6E22 /* Frameworks */,
				F171714628A79D50000C6E22 /* Resources */,
			);
			buildRules = (
			);
			dependencies = (
			);
			name = "COSC2659_Assignment2 (macOS)";
			productName = "COSC2659_Assignment2 (macOS)";
			productReference = F171714828A79D50000C6E22 /* COSC2659_Assignment2.app */;
			productType = "com.apple.product-type.application";
		};
		F171714E28A79D50000C6E22 /* Tests iOS */ = {
			isa = PBXNativeTarget;
			buildConfigurationList = F171717128A79D50000C6E22 /* Build configuration list for PBXNativeTarget "Tests iOS" */;
			buildPhases = (
				F171714B28A79D50000C6E22 /* Sources */,
				F171714C28A79D50000C6E22 /* Frameworks */,
				F171714D28A79D50000C6E22 /* Resources */,
			);
			buildRules = (
			);
			dependencies = (
				F171715128A79D50000C6E22 /* PBXTargetDependency */,
			);
			name = "Tests iOS";
			productName = "Tests iOS";
			productReference = F171714F28A79D50000C6E22 /* Tests iOS.xctest */;
			productType = "com.apple.product-type.bundle.ui-testing";
		};
		F171715A28A79D50000C6E22 /* Tests macOS */ = {
			isa = PBXNativeTarget;
			buildConfigurationList = F171717428A79D50000C6E22 /* Build configuration list for PBXNativeTarget "Tests macOS" */;
			buildPhases = (
				F171715728A79D50000C6E22 /* Sources */,
				F171715828A79D50000C6E22 /* Frameworks */,
				F171715928A79D50000C6E22 /* Resources */,
			);
			buildRules = (
			);
			dependencies = (
				F171715D28A79D50000C6E22 /* PBXTargetDependency */,
			);
			name = "Tests macOS";
			productName = "Tests macOS";
			productReference = F171715B28A79D50000C6E22 /* Tests macOS.xctest */;
			productType = "com.apple.product-type.bundle.ui-testing";
		};
/* End PBXNativeTarget section */

/* Begin PBXProject section */
		F171713628A79D4E000C6E22 /* Project object */ = {
			isa = PBXProject;
			attributes = {
				BuildIndependentTargetsInParallel = 1;
				LastSwiftUpdateCheck = 1340;
				LastUpgradeCheck = 1340;
				TargetAttributes = {
					F171714128A79D50000C6E22 = {
						CreatedOnToolsVersion = 13.4.1;
					};
					F171714728A79D50000C6E22 = {
						CreatedOnToolsVersion = 13.4.1;
					};
					F171714E28A79D50000C6E22 = {
						CreatedOnToolsVersion = 13.4.1;
						TestTargetID = F171714128A79D50000C6E22;
					};
					F171715A28A79D50000C6E22 = {
						CreatedOnToolsVersion = 13.4.1;
						TestTargetID = F171714728A79D50000C6E22;
					};
				};
			};
			buildConfigurationList = F171713928A79D4E000C6E22 /* Build configuration list for PBXProject "GoodChess" */;
			compatibilityVersion = "Xcode 13.0";
			developmentRegion = en;
			hasScannedForEncodings = 0;
			knownRegions = (
				en,
				Base,
			);
			mainGroup = F171713528A79D4E000C6E22;
			productRefGroup = F171714328A79D50000C6E22 /* Products */;
			projectDirPath = "";
			projectRoot = "";
			targets = (
				F171714128A79D50000C6E22 /* COSC2659_Assignment2 (iOS) */,
				F171714728A79D50000C6E22 /* COSC2659_Assignment2 (macOS) */,
				F171714E28A79D50000C6E22 /* Tests iOS */,
				F171715A28A79D50000C6E22 /* Tests macOS */,
			);
		};
/* End PBXProject section */

/* Begin PBXResourcesBuildPhase section */
		F171714028A79D50000C6E22 /* Resources */ = {
			isa = PBXResourcesBuildPhase;
			buildActionMask = 2147483647;
			files = (
				F134EC0C28AB4EA300D73EEC /* Launch Screen.storyboard in Resources */,
				F171716728A79D50000C6E22 /* Assets.xcassets in Resources */,
			);
			runOnlyForDeploymentPostprocessing = 0;
		};
		F171714628A79D50000C6E22 /* Resources */ = {
			isa = PBXResourcesBuildPhase;
			buildActionMask = 2147483647;
			files = (
				F171716828A79D50000C6E22 /* Assets.xcassets in Resources */,
			);
			runOnlyForDeploymentPostprocessing = 0;
		};
		F171714D28A79D50000C6E22 /* Resources */ = {
			isa = PBXResourcesBuildPhase;
			buildActionMask = 2147483647;
			files = (
			);
			runOnlyForDeploymentPostprocessing = 0;
		};
		F171715928A79D50000C6E22 /* Resources */ = {
			isa = PBXResourcesBuildPhase;
			buildActionMask = 2147483647;
			files = (
			);
			runOnlyForDeploymentPostprocessing = 0;
		};
/* End PBXResourcesBuildPhase section */

/* Begin PBXSourcesBuildPhase section */
		F171713E28A79D50000C6E22 /* Sources */ = {
			isa = PBXSourcesBuildPhase;
			buildActionMask = 2147483647;
			files = (
				F1601E4228A7AABC00984BD0 /* SquareView.swift in Sources */,
				F183214928AA21EA00DF7D1F /* Queen.swift in Sources */,
				F19A7CF328ACF70300418873 /* ButtonUtils.swift in Sources */,
				F19A7CFB28ACF70300418873 /* HistoryView.swift in Sources */,
				F1601E4C28A7B57800984BD0 /* PieceView.swift in Sources */,
				F183215628AA2D2500DF7D1F /* DeepCopy.swift in Sources */,
				F13D2F3828A9ED30004D7FB7 /* Board.swift in Sources */,
				F19A7CF728ACF70300418873 /* PlayView.swift in Sources */,
				F1776E2D28B084A000301A5D /* TaskUtils.swift in Sources */,
				F18D282E28AB5F2A00DD3891 /* ScreenUtils.swift in Sources */,
				F18D283D28AB915900DD3891 /* StackNavigationView.swift in Sources */,
				F101860228ACDEB900EC0BE3 /* ViewUtils.swift in Sources */,
				F110773D28B8BE180041CABD /* HowToPlayView.swift in Sources */,
				F19A7CF528ACF70300418873 /* ContentView.swift in Sources */,
				F1776E2F28B0A62400301A5D /* SoundPlayer.swift in Sources */,
				F134EC0F28AB565600D73EEC /* TextUtils.swift in Sources */,
				F1601E4E28A7B58C00984BD0 /* Piece.swift in Sources */,
				F1601E4028A7A79B00984BD0 /* ScreenDataIOS.swift in Sources */,
				F13D2F3E28A9FAD1004D7FB7 /* Pawn.swift in Sources */,
				F19A7D0B28ACF77200418873 /* ModalData.swift in Sources */,
				F13D2F3B28A9F77E004D7FB7 /* Stage.swift in Sources */,
				F10185FD28ACC9C900EC0BE3 /* ColorUtils.swift in Sources */,
				F183215228AA221400DF7D1F /* King.swift in Sources */,
				F1601E3E28A7A30700984BD0 /* BoardView.swift in Sources */,
				F183214C28AA21F100DF7D1F /* Bishop.swift in Sources */,
				F1EF4AFB28B755E500059BD1 /* AILogic.swift in Sources */,
				F19A7D0F28ACF77200418873 /* GameSetting.swift in Sources */,
				F120020C28AE658C006740B9 /* GameHistory.swift in Sources */,
				F19A7CF928ACF70300418873 /* SettingsView.swift in Sources */,
				F183214F28AA220100DF7D1F /* Knight.swift in Sources */,
				F10185FF28ACCA9300EC0BE3 /* StageView.swift in Sources */,
				F171716328A79D50000C6E22 /* COSC2659_Assignment2App.swift in Sources */,
				F183214628AA21E400DF7D1F /* Rook.swift in Sources */,
				F1EF4AF828B73D9E00059BD1 /* BindingUtils.swift in Sources */,
				F165EBF128E2CF1700EA6411 /* DispatchUtils.swift in Sources */,
				F18D283128AB760900DD3891 /* StatefulWarpper.swift in Sources */,
				F18663B228A7B88A00438FD6 /* StringUtils.swift in Sources */,
			);
			runOnlyForDeploymentPostprocessing = 0;
		};
		F171714428A79D50000C6E22 /* Sources */ = {
			isa = PBXSourcesBuildPhase;
			buildActionMask = 2147483647;
			files = (
				F1601E4328A7B29A00984BD0 /* SquareView.swift in Sources */,
				F19A7CF628ACF70300418873 /* ContentView.swift in Sources */,
				F1601E4928A7B32600984BD0 /* ScreenDataMac.swift in Sources */,
				F19A7CF428ACF70300418873 /* ButtonUtils.swift in Sources */,
				F19A7D1028ACF77200418873 /* GameSetting.swift in Sources */,
				F183214A28AA21EA00DF7D1F /* Queen.swift in Sources */,
				F18663B328A7B88A00438FD6 /* StringUtils.swift in Sources */,
				F183215728AA2D2500DF7D1F /* DeepCopy.swift in Sources */,
				F1776E2E28B084A000301A5D /* TaskUtils.swift in Sources */,
				F13D2F3928A9ED30004D7FB7 /* Board.swift in Sources */,
				F18D282F28AB5F2A00DD3891 /* ScreenUtils.swift in Sources */,
				F18663B428A7B88E00438FD6 /* PieceView.swift in Sources */,
				F110773E28B8BE180041CABD /* HowToPlayView.swift in Sources */,
				F19A7D0C28ACF77200418873 /* ModalData.swift in Sources */,
				F18D283E28AB915900DD3891 /* StackNavigationView.swift in Sources */,
				F134EC0A28AB4AF500D73EEC /* SoundPlayer.swift in Sources */,
				F134EC1028AB565600D73EEC /* TextUtils.swift in Sources */,
				F101860328ACDEB900EC0BE3 /* ViewUtils.swift in Sources */,
				F18663B528A7B89000438FD6 /* Piece.swift in Sources */,
				F1C7FA5928AE091E00EAACFB /* ColorUtils.swift in Sources */,
				F13D2F3F28A9FAD1004D7FB7 /* Pawn.swift in Sources */,
				F13D2F3C28A9F77E004D7FB7 /* Stage.swift in Sources */,
				F183215328AA221400DF7D1F /* King.swift in Sources */,
				F19A7CF828ACF70300418873 /* PlayView.swift in Sources */,
				F1601E4528A7B29A00984BD0 /* BoardView.swift in Sources */,
				F1EF4AFC28B755E500059BD1 /* AILogic.swift in Sources */,
				F183214D28AA21F100DF7D1F /* Bishop.swift in Sources */,
				F120020D28AE658C006740B9 /* GameHistory.swift in Sources */,
				F19A7CFC28ACF70300418873 /* HistoryView.swift in Sources */,
				F19A7CFA28ACF70300418873 /* SettingsView.swift in Sources */,
				F101860028ACCA9300EC0BE3 /* StageView.swift in Sources */,
				F183215028AA220100DF7D1F /* Knight.swift in Sources */,
				F183214728AA21E400DF7D1F /* Rook.swift in Sources */,
				F1EF4AF928B73D9E00059BD1 /* BindingUtils.swift in Sources */,
				F165EBF228E2CF1700EA6411 /* DispatchUtils.swift in Sources */,
				F18D283228AB760900DD3891 /* StatefulWarpper.swift in Sources */,
				F1C7FA5C28AE0BAF00EAACFB /* COSC2659_Assignment2App_Mac.swift in Sources */,
			);
			runOnlyForDeploymentPostprocessing = 0;
		};
		F171714B28A79D50000C6E22 /* Sources */ = {
			isa = PBXSourcesBuildPhase;
			buildActionMask = 2147483647;
			files = (
				F171715628A79D50000C6E22 /* Tests_iOSLaunchTests.swift in Sources */,
				F171715428A79D50000C6E22 /* Tests_iOS.swift in Sources */,
			);
			runOnlyForDeploymentPostprocessing = 0;
		};
		F171715728A79D50000C6E22 /* Sources */ = {
			isa = PBXSourcesBuildPhase;
			buildActionMask = 2147483647;
			files = (
				F171716228A79D50000C6E22 /* Tests_macOSLaunchTests.swift in Sources */,
				F171716028A79D50000C6E22 /* Tests_macOS.swift in Sources */,
			);
			runOnlyForDeploymentPostprocessing = 0;
		};
/* End PBXSourcesBuildPhase section */

/* Begin PBXTargetDependency section */
		F171715128A79D50000C6E22 /* PBXTargetDependency */ = {
			isa = PBXTargetDependency;
			target = F171714128A79D50000C6E22 /* COSC2659_Assignment2 (iOS) */;
			targetProxy = F171715028A79D50000C6E22 /* PBXContainerItemProxy */;
		};
		F171715D28A79D50000C6E22 /* PBXTargetDependency */ = {
			isa = PBXTargetDependency;
			target = F171714728A79D50000C6E22 /* COSC2659_Assignment2 (macOS) */;
			targetProxy = F171715C28A79D50000C6E22 /* PBXContainerItemProxy */;
		};
/* End PBXTargetDependency section */

/* Begin XCBuildConfiguration section */
		F171716928A79D50000C6E22 /* Debug */ = {
			isa = XCBuildConfiguration;
			buildSettings = {
				ALWAYS_SEARCH_USER_PATHS = NO;
				CLANG_ANALYZER_NONNULL = YES;
				CLANG_ANALYZER_NUMBER_OBJECT_CONVERSION = YES_AGGRESSIVE;
				CLANG_CXX_LANGUAGE_STANDARD = "gnu++17";
				CLANG_ENABLE_MODULES = YES;
				CLANG_ENABLE_OBJC_ARC = YES;
				CLANG_ENABLE_OBJC_WEAK = YES;
				CLANG_WARN_BLOCK_CAPTURE_AUTORELEASING = YES;
				CLANG_WARN_BOOL_CONVERSION = YES;
				CLANG_WARN_COMMA = YES;
				CLANG_WARN_CONSTANT_CONVERSION = YES;
				CLANG_WARN_DEPRECATED_OBJC_IMPLEMENTATIONS = YES;
				CLANG_WARN_DIRECT_OBJC_ISA_USAGE = YES_ERROR;
				CLANG_WARN_DOCUMENTATION_COMMENTS = YES;
				CLANG_WARN_EMPTY_BODY = YES;
				CLANG_WARN_ENUM_CONVERSION = YES;
				CLANG_WARN_INFINITE_RECURSION = YES;
				CLANG_WARN_INT_CONVERSION = YES;
				CLANG_WARN_NON_LITERAL_NULL_CONVERSION = YES;
				CLANG_WARN_OBJC_IMPLICIT_RETAIN_SELF = YES;
				CLANG_WARN_OBJC_LITERAL_CONVERSION = YES;
				CLANG_WARN_OBJC_ROOT_CLASS = YES_ERROR;
				CLANG_WARN_QUOTED_INCLUDE_IN_FRAMEWORK_HEADER = YES;
				CLANG_WARN_RANGE_LOOP_ANALYSIS = YES;
				CLANG_WARN_STRICT_PROTOTYPES = YES;
				CLANG_WARN_SUSPICIOUS_MOVE = YES;
				CLANG_WARN_UNGUARDED_AVAILABILITY = YES_AGGRESSIVE;
				CLANG_WARN_UNREACHABLE_CODE = YES;
				CLANG_WARN__DUPLICATE_METHOD_MATCH = YES;
				COPY_PHASE_STRIP = NO;
				DEBUG_INFORMATION_FORMAT = dwarf;
				ENABLE_STRICT_OBJC_MSGSEND = YES;
				ENABLE_TESTABILITY = YES;
				GCC_C_LANGUAGE_STANDARD = gnu11;
				GCC_DYNAMIC_NO_PIC = NO;
				GCC_NO_COMMON_BLOCKS = YES;
				GCC_OPTIMIZATION_LEVEL = 0;
				GCC_PREPROCESSOR_DEFINITIONS = (
					"DEBUG=1",
					"$(inherited)",
				);
				GCC_WARN_64_TO_32_BIT_CONVERSION = YES;
				GCC_WARN_ABOUT_RETURN_TYPE = YES_ERROR;
				GCC_WARN_UNDECLARED_SELECTOR = YES;
				GCC_WARN_UNINITIALIZED_AUTOS = YES_AGGRESSIVE;
				GCC_WARN_UNUSED_FUNCTION = YES;
				GCC_WARN_UNUSED_VARIABLE = YES;
				MTL_ENABLE_DEBUG_INFO = INCLUDE_SOURCE;
				MTL_FAST_MATH = YES;
				ONLY_ACTIVE_ARCH = YES;
				SWIFT_ACTIVE_COMPILATION_CONDITIONS = DEBUG;
				SWIFT_OPTIMIZATION_LEVEL = "-Onone";
			};
			name = Debug;
		};
		F171716A28A79D50000C6E22 /* Release */ = {
			isa = XCBuildConfiguration;
			buildSettings = {
				ALWAYS_SEARCH_USER_PATHS = NO;
				CLANG_ANALYZER_NONNULL = YES;
				CLANG_ANALYZER_NUMBER_OBJECT_CONVERSION = YES_AGGRESSIVE;
				CLANG_CXX_LANGUAGE_STANDARD = "gnu++17";
				CLANG_ENABLE_MODULES = YES;
				CLANG_ENABLE_OBJC_ARC = YES;
				CLANG_ENABLE_OBJC_WEAK = YES;
				CLANG_WARN_BLOCK_CAPTURE_AUTORELEASING = YES;
				CLANG_WARN_BOOL_CONVERSION = YES;
				CLANG_WARN_COMMA = YES;
				CLANG_WARN_CONSTANT_CONVERSION = YES;
				CLANG_WARN_DEPRECATED_OBJC_IMPLEMENTATIONS = YES;
				CLANG_WARN_DIRECT_OBJC_ISA_USAGE = YES_ERROR;
				CLANG_WARN_DOCUMENTATION_COMMENTS = YES;
				CLANG_WARN_EMPTY_BODY = YES;
				CLANG_WARN_ENUM_CONVERSION = YES;
				CLANG_WARN_INFINITE_RECURSION = YES;
				CLANG_WARN_INT_CONVERSION = YES;
				CLANG_WARN_NON_LITERAL_NULL_CONVERSION = YES;
				CLANG_WARN_OBJC_IMPLICIT_RETAIN_SELF = YES;
				CLANG_WARN_OBJC_LITERAL_CONVERSION = YES;
				CLANG_WARN_OBJC_ROOT_CLASS = YES_ERROR;
				CLANG_WARN_QUOTED_INCLUDE_IN_FRAMEWORK_HEADER = YES;
				CLANG_WARN_RANGE_LOOP_ANALYSIS = YES;
				CLANG_WARN_STRICT_PROTOTYPES = YES;
				CLANG_WARN_SUSPICIOUS_MOVE = YES;
				CLANG_WARN_UNGUARDED_AVAILABILITY = YES_AGGRESSIVE;
				CLANG_WARN_UNREACHABLE_CODE = YES;
				CLANG_WARN__DUPLICATE_METHOD_MATCH = YES;
				COPY_PHASE_STRIP = NO;
				DEBUG_INFORMATION_FORMAT = "dwarf-with-dsym";
				ENABLE_NS_ASSERTIONS = NO;
				ENABLE_STRICT_OBJC_MSGSEND = YES;
				GCC_C_LANGUAGE_STANDARD = gnu11;
				GCC_NO_COMMON_BLOCKS = YES;
				GCC_WARN_64_TO_32_BIT_CONVERSION = YES;
				GCC_WARN_ABOUT_RETURN_TYPE = YES_ERROR;
				GCC_WARN_UNDECLARED_SELECTOR = YES;
				GCC_WARN_UNINITIALIZED_AUTOS = YES_AGGRESSIVE;
				GCC_WARN_UNUSED_FUNCTION = YES;
				GCC_WARN_UNUSED_VARIABLE = YES;
				MTL_ENABLE_DEBUG_INFO = NO;
				MTL_FAST_MATH = YES;
				SWIFT_COMPILATION_MODE = wholemodule;
				SWIFT_OPTIMIZATION_LEVEL = "-O";
			};
			name = Release;
		};
		F171716C28A79D50000C6E22 /* Debug */ = {
			isa = XCBuildConfiguration;
			buildSettings = {
				ASSETCATALOG_COMPILER_APPICON_NAME = AppIcon;
				ASSETCATALOG_COMPILER_GLOBAL_ACCENT_COLOR_NAME = AccentColor;
				CODE_SIGN_STYLE = Automatic;
				CURRENT_PROJECT_VERSION = 1;
				DEVELOPMENT_TEAM = N6MZQK8WTG;
				ENABLE_PREVIEWS = YES;
				GENERATE_INFOPLIST_FILE = YES;
				INFOPLIST_KEY_UIApplicationSceneManifest_Generation = YES;
				INFOPLIST_KEY_UIApplicationSupportsIndirectInputEvents = YES;
				INFOPLIST_KEY_UILaunchScreen_Generation = YES;
				INFOPLIST_KEY_UILaunchStoryboardName = "Launch Screen";
				INFOPLIST_KEY_UISupportedInterfaceOrientations_iPad = "UIInterfaceOrientationPortrait UIInterfaceOrientationPortraitUpsideDown UIInterfaceOrientationLandscapeLeft UIInterfaceOrientationLandscapeRight";
				INFOPLIST_KEY_UISupportedInterfaceOrientations_iPhone = "UIInterfaceOrientationPortrait UIInterfaceOrientationLandscapeLeft UIInterfaceOrientationLandscapeRight";
				IPHONEOS_DEPLOYMENT_TARGET = 15.5;
				LD_RUNPATH_SEARCH_PATHS = (
					"$(inherited)",
					"@executable_path/Frameworks",
				);
				MARKETING_VERSION = 1.0;
				PRODUCT_BUNDLE_IDENTIFIER = com.Cerik.GoodChess1;
				PRODUCT_NAME = GoodChess;
				SDKROOT = iphoneos;
				SWIFT_EMIT_LOC_STRINGS = YES;
				SWIFT_VERSION = 5.0;
				TARGETED_DEVICE_FAMILY = "1,2";
			};
			name = Debug;
		};
		F171716D28A79D50000C6E22 /* Release */ = {
			isa = XCBuildConfiguration;
			buildSettings = {
				ASSETCATALOG_COMPILER_APPICON_NAME = AppIcon;
				ASSETCATALOG_COMPILER_GLOBAL_ACCENT_COLOR_NAME = AccentColor;
				CODE_SIGN_STYLE = Automatic;
				CURRENT_PROJECT_VERSION = 1;
				DEVELOPMENT_TEAM = N6MZQK8WTG;
				ENABLE_PREVIEWS = YES;
				GENERATE_INFOPLIST_FILE = YES;
				INFOPLIST_KEY_UIApplicationSceneManifest_Generation = YES;
				INFOPLIST_KEY_UIApplicationSupportsIndirectInputEvents = YES;
				INFOPLIST_KEY_UILaunchScreen_Generation = YES;
				INFOPLIST_KEY_UILaunchStoryboardName = "Launch Screen";
				INFOPLIST_KEY_UISupportedInterfaceOrientations_iPad = "UIInterfaceOrientationPortrait UIInterfaceOrientationPortraitUpsideDown UIInterfaceOrientationLandscapeLeft UIInterfaceOrientationLandscapeRight";
				INFOPLIST_KEY_UISupportedInterfaceOrientations_iPhone = "UIInterfaceOrientationPortrait UIInterfaceOrientationLandscapeLeft UIInterfaceOrientationLandscapeRight";
				IPHONEOS_DEPLOYMENT_TARGET = 15.5;
				LD_RUNPATH_SEARCH_PATHS = (
					"$(inherited)",
					"@executable_path/Frameworks",
				);
				MARKETING_VERSION = 1.0;
				PRODUCT_BUNDLE_IDENTIFIER = com.Cerik.GoodChess1;
				PRODUCT_NAME = GoodChess;
				SDKROOT = iphoneos;
				SWIFT_EMIT_LOC_STRINGS = YES;
				SWIFT_VERSION = 5.0;
				TARGETED_DEVICE_FAMILY = "1,2";
				VALIDATE_PRODUCT = YES;
			};
			name = Release;
		};
		F171716F28A79D50000C6E22 /* Debug */ = {
			isa = XCBuildConfiguration;
			buildSettings = {
				ASSETCATALOG_COMPILER_APPICON_NAME = AppIcon;
				ASSETCATALOG_COMPILER_GLOBAL_ACCENT_COLOR_NAME = AccentColor;
				CODE_SIGN_ENTITLEMENTS = macOS/macOS.entitlements;
				CODE_SIGN_STYLE = Automatic;
				COMBINE_HIDPI_IMAGES = YES;
				CURRENT_PROJECT_VERSION = 1;
				DEVELOPMENT_TEAM = N6MZQK8WTG;
				ENABLE_HARDENED_RUNTIME = YES;
				ENABLE_PREVIEWS = YES;
				GENERATE_INFOPLIST_FILE = YES;
				INFOPLIST_KEY_NSHumanReadableCopyright = "";
				LD_RUNPATH_SEARCH_PATHS = (
					"$(inherited)",
					"@executable_path/../Frameworks",
				);
				MACOSX_DEPLOYMENT_TARGET = 12.3;
				MARKETING_VERSION = 1.0;
				PRODUCT_BUNDLE_IDENTIFIER = com.Cerik.GoodChess;
				PRODUCT_NAME = COSC2659_Assignment2;
				SDKROOT = macosx;
				SWIFT_EMIT_LOC_STRINGS = YES;
				SWIFT_VERSION = 5.0;
			};
			name = Debug;
		};
		F171717028A79D50000C6E22 /* Release */ = {
			isa = XCBuildConfiguration;
			buildSettings = {
				ASSETCATALOG_COMPILER_APPICON_NAME = AppIcon;
				ASSETCATALOG_COMPILER_GLOBAL_ACCENT_COLOR_NAME = AccentColor;
				CODE_SIGN_ENTITLEMENTS = macOS/macOS.entitlements;
				CODE_SIGN_STYLE = Automatic;
				COMBINE_HIDPI_IMAGES = YES;
				CURRENT_PROJECT_VERSION = 1;
				DEVELOPMENT_TEAM = N6MZQK8WTG;
				ENABLE_HARDENED_RUNTIME = YES;
				ENABLE_PREVIEWS = YES;
				GENERATE_INFOPLIST_FILE = YES;
				INFOPLIST_KEY_NSHumanReadableCopyright = "";
				LD_RUNPATH_SEARCH_PATHS = (
					"$(inherited)",
					"@executable_path/../Frameworks",
				);
				MACOSX_DEPLOYMENT_TARGET = 12.3;
				MARKETING_VERSION = 1.0;
				PRODUCT_BUNDLE_IDENTIFIER = com.Cerik.GoodChess;
				PRODUCT_NAME = COSC2659_Assignment2;
				SDKROOT = macosx;
				SWIFT_EMIT_LOC_STRINGS = YES;
				SWIFT_VERSION = 5.0;
			};
			name = Release;
		};
		F171717228A79D50000C6E22 /* Debug */ = {
			isa = XCBuildConfiguration;
			buildSettings = {
				ALWAYS_EMBED_SWIFT_STANDARD_LIBRARIES = YES;
				CODE_SIGN_STYLE = Automatic;
				CURRENT_PROJECT_VERSION = 1;
				DEVELOPMENT_TEAM = N6MZQK8WTG;
				GENERATE_INFOPLIST_FILE = YES;
				IPHONEOS_DEPLOYMENT_TARGET = 15.5;
				MARKETING_VERSION = 1.0;
				PRODUCT_BUNDLE_IDENTIFIER = "com.Cerik.Tests-iOS";
				PRODUCT_NAME = "$(TARGET_NAME)";
				SDKROOT = iphoneos;
				SWIFT_EMIT_LOC_STRINGS = NO;
				SWIFT_VERSION = 5.0;
				TARGETED_DEVICE_FAMILY = "1,2";
				TEST_TARGET_NAME = "COSC2659_Assignment2 (iOS)";
			};
			name = Debug;
		};
		F171717328A79D50000C6E22 /* Release */ = {
			isa = XCBuildConfiguration;
			buildSettings = {
				ALWAYS_EMBED_SWIFT_STANDARD_LIBRARIES = YES;
				CODE_SIGN_STYLE = Automatic;
				CURRENT_PROJECT_VERSION = 1;
				DEVELOPMENT_TEAM = N6MZQK8WTG;
				GENERATE_INFOPLIST_FILE = YES;
				IPHONEOS_DEPLOYMENT_TARGET = 15.5;
				MARKETING_VERSION = 1.0;
				PRODUCT_BUNDLE_IDENTIFIER = "com.Cerik.Tests-iOS";
				PRODUCT_NAME = "$(TARGET_NAME)";
				SDKROOT = iphoneos;
				SWIFT_EMIT_LOC_STRINGS = NO;
				SWIFT_VERSION = 5.0;
				TARGETED_DEVICE_FAMILY = "1,2";
				TEST_TARGET_NAME = "COSC2659_Assignment2 (iOS)";
				VALIDATE_PRODUCT = YES;
			};
			name = Release;
		};
		F171717528A79D50000C6E22 /* Debug */ = {
			isa = XCBuildConfiguration;
			buildSettings = {
				ALWAYS_EMBED_SWIFT_STANDARD_LIBRARIES = YES;
				CODE_SIGN_STYLE = Automatic;
				CURRENT_PROJECT_VERSION = 1;
				DEVELOPMENT_TEAM = N6MZQK8WTG;
				GENERATE_INFOPLIST_FILE = YES;
				MACOSX_DEPLOYMENT_TARGET = 12.3;
				MARKETING_VERSION = 1.0;
				PRODUCT_BUNDLE_IDENTIFIER = "com.Cerik.Tests-macOS";
				PRODUCT_NAME = "$(TARGET_NAME)";
				SDKROOT = macosx;
				SWIFT_EMIT_LOC_STRINGS = NO;
				SWIFT_VERSION = 5.0;
				TEST_TARGET_NAME = "COSC2659_Assignment2 (macOS)";
			};
			name = Debug;
		};
		F171717628A79D50000C6E22 /* Release */ = {
			isa = XCBuildConfiguration;
			buildSettings = {
				ALWAYS_EMBED_SWIFT_STANDARD_LIBRARIES = YES;
				CODE_SIGN_STYLE = Automatic;
				CURRENT_PROJECT_VERSION = 1;
				DEVELOPMENT_TEAM = N6MZQK8WTG;
				GENERATE_INFOPLIST_FILE = YES;
				MACOSX_DEPLOYMENT_TARGET = 12.3;
				MARKETING_VERSION = 1.0;
				PRODUCT_BUNDLE_IDENTIFIER = "com.Cerik.Tests-macOS";
				PRODUCT_NAME = "$(TARGET_NAME)";
				SDKROOT = macosx;
				SWIFT_EMIT_LOC_STRINGS = NO;
				SWIFT_VERSION = 5.0;
				TEST_TARGET_NAME = "COSC2659_Assignment2 (macOS)";
			};
			name = Release;
		};
/* End XCBuildConfiguration section */

/* Begin XCConfigurationList section */
		F171713928A79D4E000C6E22 /* Build configuration list for PBXProject "GoodChess" */ = {
			isa = XCConfigurationList;
			buildConfigurations = (
				F171716928A79D50000C6E22 /* Debug */,
				F171716A28A79D50000C6E22 /* Release */,
			);
			defaultConfigurationIsVisible = 0;
			defaultConfigurationName = Release;
		};
		F171716B28A79D50000C6E22 /* Build configuration list for PBXNativeTarget "COSC2659_Assignment2 (iOS)" */ = {
			isa = XCConfigurationList;
			buildConfigurations = (
				F171716C28A79D50000C6E22 /* Debug */,
				F171716D28A79D50000C6E22 /* Release */,
			);
			defaultConfigurationIsVisible = 0;
			defaultConfigurationName = Release;
		};
		F171716E28A79D50000C6E22 /* Build configuration list for PBXNativeTarget "COSC2659_Assignment2 (macOS)" */ = {
			isa = XCConfigurationList;
			buildConfigurations = (
				F171716F28A79D50000C6E22 /* Debug */,
				F171717028A79D50000C6E22 /* Release */,
			);
			defaultConfigurationIsVisible = 0;
			defaultConfigurationName = Release;
		};
		F171717128A79D50000C6E22 /* Build configuration list for PBXNativeTarget "Tests iOS" */ = {
			isa = XCConfigurationList;
			buildConfigurations = (
				F171717228A79D50000C6E22 /* Debug */,
				F171717328A79D50000C6E22 /* Release */,
			);
			defaultConfigurationIsVisible = 0;
			defaultConfigurationName = Release;
		};
		F171717428A79D50000C6E22 /* Build configuration list for PBXNativeTarget "Tests macOS" */ = {
			isa = XCConfigurationList;
			buildConfigurations = (
				F171717528A79D50000C6E22 /* Debug */,
				F171717628A79D50000C6E22 /* Release */,
			);
			defaultConfigurationIsVisible = 0;
			defaultConfigurationName = Release;
		};
/* End XCConfigurationList section */
	};
	rootObject = F171713628A79D4E000C6E22 /* Project object */;
}
